
Microsoft Visual Studio Solution File, Format Version 12.00
# Visual Studio 15
VisualStudioVersion = 15.0.28307.168
MinimumVisualStudioVersion = 10.0.40219.1
Project("{FAE04EC0-301F-11D3-BF4B-00C04F79EFBC}") = "Phabrico", "Phabrico\Phabrico.csproj", "{76B94BE6-005E-44C7-911B-A155D007C982}"
EndProject
Global
	GlobalSection(SolutionConfigurationPlatforms) = preSolution
		Debug|Any CPU = Debug|Any CPU
		Release|Any CPU = Release|Any CPU
	EndGlobalSection
	GlobalSection(ProjectConfigurationPlatforms) = postSolution
		{76B94BE6-005E-44C7-911B-A155D007C982}.Debug|Any CPU.ActiveCfg = Debug|Any CPU
		{76B94BE6-005E-44C7-911B-A155D007C982}.Debug|Any CPU.Build.0 = Debug|Any CPU
		{76B94BE6-005E-44C7-911B-A155D007C982}.Release|Any CPU.ActiveCfg = Release|Any CPU
		{76B94BE6-005E-44C7-911B-A155D007C982}.Release|Any CPU.Build.0 = Release|Any CPU
	EndGlobalSection
	GlobalSection(SolutionProperties) = preSolution
		HideSolutionNode = FALSE
	EndGlobalSection
	GlobalSection(ExtensibilityGlobals) = postSolution
		SolutionGuid = {8CA4E2F5-1D04-44E3-8945-1ACEC09B246F}
	EndGlobalSection
EndGlobal
