
Microsoft Visual Studio Solution File, Format Version 12.00
# Visual Studio 15
VisualStudioVersion = 15.0.28307.168
MinimumVisualStudioVersion = 10.0.40219.1
Project("{FAE04EC0-301F-11D3-BF4B-00C04F79EFBC}") = "Phabrico", "Phabrico\Phabrico.csproj", "{76B94BE6-005E-44C7-911B-A155D007C982}"
EndProject
Project("{FAE04EC0-301F-11D3-BF4B-00C04F79EFBC}") = "Phabrico.UnitTests", "Phabrico.UnitTests\Phabrico.UnitTests.csproj", "{117C8304-83E1-4F14-B39F-DE7684117E8A}"
EndProject
Project("{930C7802-8A8C-48F9-8165-68863BCCD9DD}") = "Phabrico.WiXv3", "Phabrico.WiXv3\Phabrico.WiXv3.wixproj", "{455BECEF-D2D1-4AC2-BE5E-BEFF9261E198}"
EndProject
Project("{FAE04EC0-301F-11D3-BF4B-00C04F79EFBC}") = "Phabrico.Plugin.Gitanos", "Phabrico.Plugin.Gitanos\Phabrico.Plugin.Gitanos.csproj", "{361073E0-5BC0-4F35-81C1-F45AE65F9C1B}"
EndProject
Project("{2150E333-8FDC-42A3-9474-1A3956D46DE8}") = "Plugins", "Plugins", "{E880A15A-096B-46D3-9188-5DB02C33696E}"
EndProject
Project("{FAE04EC0-301F-11D3-BF4B-00C04F79EFBC}") = "Phabrico.Plugin.PhrictionToPDF", "Phabrico.Plugin.PhrictionToPDF\Phabrico.Plugin.PhrictionToPDF.csproj", "{6A943228-8E29-4824-80B8-3C6A56B6C219}"
EndProject
Project("{FAE04EC0-301F-11D3-BF4B-00C04F79EFBC}") = "Phabrico.Plugin.DiagramsNet", "Phabrico.Plugin.DiagramsNet\Phabrico.Plugin.DiagramsNet.csproj", "{C9C64C86-1BF0-4991-AA99-12022761ABC3}"
EndProject
Project("{FAE04EC0-301F-11D3-BF4B-00C04F79EFBC}") = "Phabrico.Documentation", "docs\Phabrico.Documentation.csproj", "{74651BE8-D5AB-4740-91BB-86F8887E1B8F}"
EndProject
Project("{FAE04EC0-301F-11D3-BF4B-00C04F79EFBC}") = "Phabrico.IISModule", "Phabrico.IISModule\Phabrico.IISModule.csproj", "{FFB3F95B-40FE-4DF7-AA15-7C8FB9E64DD4}"
EndProject
Global
	GlobalSection(SolutionConfigurationPlatforms) = preSolution
		Debug|Any CPU = Debug|Any CPU
		Debug|x64 = Debug|x64
		Debug|x86 = Debug|x86
		Release|Any CPU = Release|Any CPU
		Release|x64 = Release|x64
		Release|x86 = Release|x86
	EndGlobalSection
	GlobalSection(ProjectConfigurationPlatforms) = postSolution
		{76B94BE6-005E-44C7-911B-A155D007C982}.Debug|Any CPU.ActiveCfg = Debug|Any CPU
		{76B94BE6-005E-44C7-911B-A155D007C982}.Debug|Any CPU.Build.0 = Debug|Any CPU
		{76B94BE6-005E-44C7-911B-A155D007C982}.Debug|x64.ActiveCfg = Debug|Any CPU
		{76B94BE6-005E-44C7-911B-A155D007C982}.Debug|x64.Build.0 = Debug|Any CPU
		{76B94BE6-005E-44C7-911B-A155D007C982}.Debug|x86.ActiveCfg = Debug|Any CPU
		{76B94BE6-005E-44C7-911B-A155D007C982}.Debug|x86.Build.0 = Debug|Any CPU
		{76B94BE6-005E-44C7-911B-A155D007C982}.Release|Any CPU.ActiveCfg = Release|Any CPU
		{76B94BE6-005E-44C7-911B-A155D007C982}.Release|Any CPU.Build.0 = Release|Any CPU
		{76B94BE6-005E-44C7-911B-A155D007C982}.Release|x64.ActiveCfg = Release|Any CPU
		{76B94BE6-005E-44C7-911B-A155D007C982}.Release|x64.Build.0 = Release|Any CPU
		{76B94BE6-005E-44C7-911B-A155D007C982}.Release|x86.ActiveCfg = Release|Any CPU
		{76B94BE6-005E-44C7-911B-A155D007C982}.Release|x86.Build.0 = Release|Any CPU
		{117C8304-83E1-4F14-B39F-DE7684117E8A}.Debug|Any CPU.ActiveCfg = Debug|Any CPU
		{117C8304-83E1-4F14-B39F-DE7684117E8A}.Debug|Any CPU.Build.0 = Debug|Any CPU
		{117C8304-83E1-4F14-B39F-DE7684117E8A}.Debug|x64.ActiveCfg = Debug|Any CPU
		{117C8304-83E1-4F14-B39F-DE7684117E8A}.Debug|x64.Build.0 = Debug|Any CPU
		{117C8304-83E1-4F14-B39F-DE7684117E8A}.Debug|x86.ActiveCfg = Debug|Any CPU
		{117C8304-83E1-4F14-B39F-DE7684117E8A}.Debug|x86.Build.0 = Debug|Any CPU
		{117C8304-83E1-4F14-B39F-DE7684117E8A}.Release|Any CPU.ActiveCfg = Release|Any CPU
		{117C8304-83E1-4F14-B39F-DE7684117E8A}.Release|Any CPU.Build.0 = Release|Any CPU
		{117C8304-83E1-4F14-B39F-DE7684117E8A}.Release|x64.ActiveCfg = Release|Any CPU
		{117C8304-83E1-4F14-B39F-DE7684117E8A}.Release|x64.Build.0 = Release|Any CPU
		{117C8304-83E1-4F14-B39F-DE7684117E8A}.Release|x86.ActiveCfg = Release|Any CPU
		{117C8304-83E1-4F14-B39F-DE7684117E8A}.Release|x86.Build.0 = Release|Any CPU
		{455BECEF-D2D1-4AC2-BE5E-BEFF9261E198}.Debug|Any CPU.ActiveCfg = Debug|x64
		{455BECEF-D2D1-4AC2-BE5E-BEFF9261E198}.Debug|x64.ActiveCfg = Debug|x64
		{455BECEF-D2D1-4AC2-BE5E-BEFF9261E198}.Debug|x64.Build.0 = Debug|x64
		{455BECEF-D2D1-4AC2-BE5E-BEFF9261E198}.Debug|x86.ActiveCfg = Debug|x64
		{455BECEF-D2D1-4AC2-BE5E-BEFF9261E198}.Release|Any CPU.ActiveCfg = Release|x64
		{455BECEF-D2D1-4AC2-BE5E-BEFF9261E198}.Release|x64.ActiveCfg = Release|x64
		{455BECEF-D2D1-4AC2-BE5E-BEFF9261E198}.Release|x64.Build.0 = Release|x64
		{455BECEF-D2D1-4AC2-BE5E-BEFF9261E198}.Release|x86.ActiveCfg = Release|x64
		{361073E0-5BC0-4F35-81C1-F45AE65F9C1B}.Debug|Any CPU.ActiveCfg = Debug|Any CPU
		{361073E0-5BC0-4F35-81C1-F45AE65F9C1B}.Debug|Any CPU.Build.0 = Debug|Any CPU
		{361073E0-5BC0-4F35-81C1-F45AE65F9C1B}.Debug|x64.ActiveCfg = Debug|Any CPU
		{361073E0-5BC0-4F35-81C1-F45AE65F9C1B}.Debug|x64.Build.0 = Debug|Any CPU
		{361073E0-5BC0-4F35-81C1-F45AE65F9C1B}.Debug|x86.ActiveCfg = Debug|Any CPU
		{361073E0-5BC0-4F35-81C1-F45AE65F9C1B}.Debug|x86.Build.0 = Debug|Any CPU
		{361073E0-5BC0-4F35-81C1-F45AE65F9C1B}.Release|Any CPU.ActiveCfg = Release|Any CPU
		{361073E0-5BC0-4F35-81C1-F45AE65F9C1B}.Release|Any CPU.Build.0 = Release|Any CPU
		{361073E0-5BC0-4F35-81C1-F45AE65F9C1B}.Release|x64.ActiveCfg = Release|Any CPU
		{361073E0-5BC0-4F35-81C1-F45AE65F9C1B}.Release|x64.Build.0 = Release|Any CPU
		{361073E0-5BC0-4F35-81C1-F45AE65F9C1B}.Release|x86.ActiveCfg = Release|Any CPU
		{361073E0-5BC0-4F35-81C1-F45AE65F9C1B}.Release|x86.Build.0 = Release|Any CPU
		{6A943228-8E29-4824-80B8-3C6A56B6C219}.Debug|Any CPU.ActiveCfg = Debug|Any CPU
		{6A943228-8E29-4824-80B8-3C6A56B6C219}.Debug|Any CPU.Build.0 = Debug|Any CPU
		{6A943228-8E29-4824-80B8-3C6A56B6C219}.Debug|x64.ActiveCfg = Debug|Any CPU
		{6A943228-8E29-4824-80B8-3C6A56B6C219}.Debug|x64.Build.0 = Debug|Any CPU
		{6A943228-8E29-4824-80B8-3C6A56B6C219}.Debug|x86.ActiveCfg = Debug|Any CPU
		{6A943228-8E29-4824-80B8-3C6A56B6C219}.Debug|x86.Build.0 = Debug|Any CPU
		{6A943228-8E29-4824-80B8-3C6A56B6C219}.Release|Any CPU.ActiveCfg = Release|Any CPU
		{6A943228-8E29-4824-80B8-3C6A56B6C219}.Release|Any CPU.Build.0 = Release|Any CPU
		{6A943228-8E29-4824-80B8-3C6A56B6C219}.Release|x64.ActiveCfg = Release|Any CPU
		{6A943228-8E29-4824-80B8-3C6A56B6C219}.Release|x64.Build.0 = Release|Any CPU
		{6A943228-8E29-4824-80B8-3C6A56B6C219}.Release|x86.ActiveCfg = Release|Any CPU
		{6A943228-8E29-4824-80B8-3C6A56B6C219}.Release|x86.Build.0 = Release|Any CPU
		{C9C64C86-1BF0-4991-AA99-12022761ABC3}.Debug|Any CPU.ActiveCfg = Debug|Any CPU
		{C9C64C86-1BF0-4991-AA99-12022761ABC3}.Debug|Any CPU.Build.0 = Debug|Any CPU
		{C9C64C86-1BF0-4991-AA99-12022761ABC3}.Debug|x64.ActiveCfg = Debug|Any CPU
		{C9C64C86-1BF0-4991-AA99-12022761ABC3}.Debug|x64.Build.0 = Debug|Any CPU
		{C9C64C86-1BF0-4991-AA99-12022761ABC3}.Debug|x86.ActiveCfg = Debug|Any CPU
		{C9C64C86-1BF0-4991-AA99-12022761ABC3}.Debug|x86.Build.0 = Debug|Any CPU
		{C9C64C86-1BF0-4991-AA99-12022761ABC3}.Release|Any CPU.ActiveCfg = Release|Any CPU
		{C9C64C86-1BF0-4991-AA99-12022761ABC3}.Release|Any CPU.Build.0 = Release|Any CPU
		{C9C64C86-1BF0-4991-AA99-12022761ABC3}.Release|x64.ActiveCfg = Release|Any CPU
		{C9C64C86-1BF0-4991-AA99-12022761ABC3}.Release|x64.Build.0 = Release|Any CPU
		{C9C64C86-1BF0-4991-AA99-12022761ABC3}.Release|x86.ActiveCfg = Release|Any CPU
		{C9C64C86-1BF0-4991-AA99-12022761ABC3}.Release|x86.Build.0 = Release|Any CPU
		{74651BE8-D5AB-4740-91BB-86F8887E1B8F}.Debug|Any CPU.ActiveCfg = Debug|x86
		{74651BE8-D5AB-4740-91BB-86F8887E1B8F}.Debug|x64.ActiveCfg = Debug|x86
		{74651BE8-D5AB-4740-91BB-86F8887E1B8F}.Debug|x86.ActiveCfg = Debug|x86
		{74651BE8-D5AB-4740-91BB-86F8887E1B8F}.Debug|x86.Build.0 = Debug|x86
		{74651BE8-D5AB-4740-91BB-86F8887E1B8F}.Release|Any CPU.ActiveCfg = Debug|x86
		{74651BE8-D5AB-4740-91BB-86F8887E1B8F}.Release|Any CPU.Build.0 = Debug|x86
		{74651BE8-D5AB-4740-91BB-86F8887E1B8F}.Release|x64.ActiveCfg = Debug|x86
		{74651BE8-D5AB-4740-91BB-86F8887E1B8F}.Release|x86.ActiveCfg = Debug|x86
		{74651BE8-D5AB-4740-91BB-86F8887E1B8F}.Release|x86.Build.0 = Debug|x86
		{FFB3F95B-40FE-4DF7-AA15-7C8FB9E64DD4}.Debug|Any CPU.ActiveCfg = Debug|Any CPU
		{FFB3F95B-40FE-4DF7-AA15-7C8FB9E64DD4}.Debug|Any CPU.Build.0 = Debug|Any CPU
		{FFB3F95B-40FE-4DF7-AA15-7C8FB9E64DD4}.Debug|x64.ActiveCfg = Debug|Any CPU
		{FFB3F95B-40FE-4DF7-AA15-7C8FB9E64DD4}.Debug|x64.Build.0 = Debug|Any CPU
		{FFB3F95B-40FE-4DF7-AA15-7C8FB9E64DD4}.Debug|x86.ActiveCfg = Debug|Any CPU
		{FFB3F95B-40FE-4DF7-AA15-7C8FB9E64DD4}.Debug|x86.Build.0 = Debug|Any CPU
		{FFB3F95B-40FE-4DF7-AA15-7C8FB9E64DD4}.Release|Any CPU.ActiveCfg = Release|Any CPU
		{FFB3F95B-40FE-4DF7-AA15-7C8FB9E64DD4}.Release|Any CPU.Build.0 = Release|Any CPU
		{FFB3F95B-40FE-4DF7-AA15-7C8FB9E64DD4}.Release|x64.ActiveCfg = Release|Any CPU
		{FFB3F95B-40FE-4DF7-AA15-7C8FB9E64DD4}.Release|x64.Build.0 = Release|Any CPU
		{FFB3F95B-40FE-4DF7-AA15-7C8FB9E64DD4}.Release|x86.ActiveCfg = Release|Any CPU
		{FFB3F95B-40FE-4DF7-AA15-7C8FB9E64DD4}.Release|x86.Build.0 = Release|Any CPU
	EndGlobalSection
	GlobalSection(SolutionProperties) = preSolution
		HideSolutionNode = FALSE
	EndGlobalSection
	GlobalSection(NestedProjects) = preSolution
		{361073E0-5BC0-4F35-81C1-F45AE65F9C1B} = {E880A15A-096B-46D3-9188-5DB02C33696E}
		{6A943228-8E29-4824-80B8-3C6A56B6C219} = {E880A15A-096B-46D3-9188-5DB02C33696E}
		{C9C64C86-1BF0-4991-AA99-12022761ABC3} = {E880A15A-096B-46D3-9188-5DB02C33696E}
	EndGlobalSection
	GlobalSection(ExtensibilityGlobals) = postSolution
		SolutionGuid = {8CA4E2F5-1D04-44E3-8945-1ACEC09B246F}
	EndGlobalSection
	GlobalSection(Performance) = preSolution
		HasPerformanceSessions = true
	EndGlobalSection
	GlobalSection(Performance) = preSolution
		HasPerformanceSessions = true
	EndGlobalSection
EndGlobal
